
Microsoft Visual Studio Solution File, Format Version 12.00
# Visual Studio Version 17
VisualStudioVersion = 17.5.33530.505
MinimumVisualStudioVersion = 10.0.40219.1
Project("{2150E333-8FDC-42A3-9474-1A3956D46DE8}") = "ApplicationCore", "ApplicationCore", "{A3D0FD91-E6E7-4645-A4E4-F6F3D618FC50}"
EndProject
Project("{2150E333-8FDC-42A3-9474-1A3956D46DE8}") = "Framework", "Framework", "{209BE798-59D3-4C48-B7BA-816E7B55933C}"
EndProject
Project("{2150E333-8FDC-42A3-9474-1A3956D46DE8}") = "Infrastructure", "Infrastructure", "{4FB6697A-9F03-4723-917F-280990687360}"
EndProject
Project("{2150E333-8FDC-42A3-9474-1A3956D46DE8}") = "Presentation", "Presentation", "{CE7B5207-F857-4CDB-93B6-06E0D64E646C}"
EndProject
Project("{2150E333-8FDC-42A3-9474-1A3956D46DE8}") = "Test", "Test", "{9AF8DE03-A8B8-44AF-8557-45D93DA9A05D}"
EndProject
Project("{9A19103F-16F7-4668-BE54-9A1E7A4F7556}") = "Order.Application", "Order.Application\Order.Application.csproj", "{95AEC021-7B0E-440A-A357-B64F5C18FA98}"
EndProject
Project("{9A19103F-16F7-4668-BE54-9A1E7A4F7556}") = "Order.Domain", "Order.Domain\Order.Domain.csproj", "{48A2B523-3F90-4595-A3A6-3B46B0B65355}"
EndProject
Project("{9A19103F-16F7-4668-BE54-9A1E7A4F7556}") = "Order.Domain.Contract", "Order.Domain.Contract\Order.Domain.Contract.csproj", "{659802D6-EA3C-4D3A-ADB3-F44633D1CDC4}"
EndProject
Project("{9A19103F-16F7-4668-BE54-9A1E7A4F7556}") = "Order.Framework.Core", "Order.Framework.Core\Order.Framework.Core.csproj", "{32CEFCD5-A6AF-45F1-BCB2-1C2512CA231F}"
EndProject
Project("{9A19103F-16F7-4668-BE54-9A1E7A4F7556}") = "Order.Persistence.EF", "Order.Persistence.EF\Order.Persistence.EF.csproj", "{D81B6904-B39F-4A98-BEA1-07254D22C670}"
EndProject
Project("{9A19103F-16F7-4668-BE54-9A1E7A4F7556}") = "Order.Api", "Order.Api\Order.Api.csproj", "{A643FDC0-2EA2-4845-93EF-F182B3027C37}"
EndProject
Project("{9A19103F-16F7-4668-BE54-9A1E7A4F7556}") = "Order.Outnox.EventPublisher", "Order.Outnox.EventPublisher\Order.Outnox.EventPublisher.csproj", "{335FE430-4807-41B1-A562-02DB1CA46E57}"
EndProject
Project("{9A19103F-16F7-4668-BE54-9A1E7A4F7556}") = "Framework.RabbitMQ", "Framework.RabbitMQ\Framework.RabbitMQ.csproj", "{8CEFE4F7-D36A-4883-97E1-95DB7A41456B}"
EndProject
Project("{9A19103F-16F7-4668-BE54-9A1E7A4F7556}") = "Order.Consumer.MongoDb", "Order.Consumer.MongoDb\Order.Consumer.MongoDb.csproj", "{F4F79698-D42D-4CA5-AE4B-97936A0C2F27}"
EndProject
Project("{9A19103F-16F7-4668-BE54-9A1E7A4F7556}") = "Order.Persistence.MongoDB.EF", "Order.Persistence.MongoDB.EF\Order.Persistence.MongoDB.EF.csproj", "{E69EFC55-B08C-41C7-8E51-57D63D8012A4}"
EndProject
Project("{FAE04EC0-301F-11D3-BF4B-00C04F79EFBC}") = "Order.Grpc", "Order.Grpc\Order.Grpc.csproj", "{10069D84-E475-4FC6-9375-B66112E73AD4}"
EndProject
Global
	GlobalSection(SolutionConfigurationPlatforms) = preSolution
		Debug|Any CPU = Debug|Any CPU
		Release|Any CPU = Release|Any CPU
	EndGlobalSection
	GlobalSection(ProjectConfigurationPlatforms) = postSolution
		{95AEC021-7B0E-440A-A357-B64F5C18FA98}.Debug|Any CPU.ActiveCfg = Debug|Any CPU
		{95AEC021-7B0E-440A-A357-B64F5C18FA98}.Debug|Any CPU.Build.0 = Debug|Any CPU
		{95AEC021-7B0E-440A-A357-B64F5C18FA98}.Release|Any CPU.ActiveCfg = Release|Any CPU
		{95AEC021-7B0E-440A-A357-B64F5C18FA98}.Release|Any CPU.Build.0 = Release|Any CPU
		{48A2B523-3F90-4595-A3A6-3B46B0B65355}.Debug|Any CPU.ActiveCfg = Debug|Any CPU
		{48A2B523-3F90-4595-A3A6-3B46B0B65355}.Debug|Any CPU.Build.0 = Debug|Any CPU
		{48A2B523-3F90-4595-A3A6-3B46B0B65355}.Release|Any CPU.ActiveCfg = Release|Any CPU
		{48A2B523-3F90-4595-A3A6-3B46B0B65355}.Release|Any CPU.Build.0 = Release|Any CPU
		{659802D6-EA3C-4D3A-ADB3-F44633D1CDC4}.Debug|Any CPU.ActiveCfg = Debug|Any CPU
		{659802D6-EA3C-4D3A-ADB3-F44633D1CDC4}.Debug|Any CPU.Build.0 = Debug|Any CPU
		{659802D6-EA3C-4D3A-ADB3-F44633D1CDC4}.Release|Any CPU.ActiveCfg = Release|Any CPU
		{659802D6-EA3C-4D3A-ADB3-F44633D1CDC4}.Release|Any CPU.Build.0 = Release|Any CPU
		{32CEFCD5-A6AF-45F1-BCB2-1C2512CA231F}.Debug|Any CPU.ActiveCfg = Debug|Any CPU
		{32CEFCD5-A6AF-45F1-BCB2-1C2512CA231F}.Debug|Any CPU.Build.0 = Debug|Any CPU
		{32CEFCD5-A6AF-45F1-BCB2-1C2512CA231F}.Release|Any CPU.ActiveCfg = Release|Any CPU
		{32CEFCD5-A6AF-45F1-BCB2-1C2512CA231F}.Release|Any CPU.Build.0 = Release|Any CPU
		{D81B6904-B39F-4A98-BEA1-07254D22C670}.Debug|Any CPU.ActiveCfg = Debug|Any CPU
		{D81B6904-B39F-4A98-BEA1-07254D22C670}.Debug|Any CPU.Build.0 = Debug|Any CPU
		{D81B6904-B39F-4A98-BEA1-07254D22C670}.Release|Any CPU.ActiveCfg = Release|Any CPU
		{D81B6904-B39F-4A98-BEA1-07254D22C670}.Release|Any CPU.Build.0 = Release|Any CPU
		{A643FDC0-2EA2-4845-93EF-F182B3027C37}.Debug|Any CPU.ActiveCfg = Debug|Any CPU
		{A643FDC0-2EA2-4845-93EF-F182B3027C37}.Debug|Any CPU.Build.0 = Debug|Any CPU
		{A643FDC0-2EA2-4845-93EF-F182B3027C37}.Release|Any CPU.ActiveCfg = Release|Any CPU
		{A643FDC0-2EA2-4845-93EF-F182B3027C37}.Release|Any CPU.Build.0 = Release|Any CPU
		{335FE430-4807-41B1-A562-02DB1CA46E57}.Debug|Any CPU.ActiveCfg = Debug|Any CPU
		{335FE430-4807-41B1-A562-02DB1CA46E57}.Debug|Any CPU.Build.0 = Debug|Any CPU
		{335FE430-4807-41B1-A562-02DB1CA46E57}.Release|Any CPU.ActiveCfg = Release|Any CPU
		{335FE430-4807-41B1-A562-02DB1CA46E57}.Release|Any CPU.Build.0 = Release|Any CPU
		{8CEFE4F7-D36A-4883-97E1-95DB7A41456B}.Debug|Any CPU.ActiveCfg = Debug|Any CPU
		{8CEFE4F7-D36A-4883-97E1-95DB7A41456B}.Debug|Any CPU.Build.0 = Debug|Any CPU
		{8CEFE4F7-D36A-4883-97E1-95DB7A41456B}.Release|Any CPU.ActiveCfg = Release|Any CPU
		{8CEFE4F7-D36A-4883-97E1-95DB7A41456B}.Release|Any CPU.Build.0 = Release|Any CPU
		{F4F79698-D42D-4CA5-AE4B-97936A0C2F27}.Debug|Any CPU.ActiveCfg = Debug|Any CPU
		{F4F79698-D42D-4CA5-AE4B-97936A0C2F27}.Debug|Any CPU.Build.0 = Debug|Any CPU
		{F4F79698-D42D-4CA5-AE4B-97936A0C2F27}.Release|Any CPU.ActiveCfg = Release|Any CPU
		{F4F79698-D42D-4CA5-AE4B-97936A0C2F27}.Release|Any CPU.Build.0 = Release|Any CPU
		{E69EFC55-B08C-41C7-8E51-57D63D8012A4}.Debug|Any CPU.ActiveCfg = Debug|Any CPU
		{E69EFC55-B08C-41C7-8E51-57D63D8012A4}.Debug|Any CPU.Build.0 = Debug|Any CPU
		{E69EFC55-B08C-41C7-8E51-57D63D8012A4}.Release|Any CPU.ActiveCfg = Release|Any CPU
		{E69EFC55-B08C-41C7-8E51-57D63D8012A4}.Release|Any CPU.Build.0 = Release|Any CPU
		{10069D84-E475-4FC6-9375-B66112E73AD4}.Debug|Any CPU.ActiveCfg = Debug|Any CPU
		{10069D84-E475-4FC6-9375-B66112E73AD4}.Debug|Any CPU.Build.0 = Debug|Any CPU
		{10069D84-E475-4FC6-9375-B66112E73AD4}.Release|Any CPU.ActiveCfg = Release|Any CPU
		{10069D84-E475-4FC6-9375-B66112E73AD4}.Release|Any CPU.Build.0 = Release|Any CPU
	EndGlobalSection
	GlobalSection(SolutionProperties) = preSolution
		HideSolutionNode = FALSE
	EndGlobalSection
	GlobalSection(NestedProjects) = preSolution
		{95AEC021-7B0E-440A-A357-B64F5C18FA98} = {A3D0FD91-E6E7-4645-A4E4-F6F3D618FC50}
		{48A2B523-3F90-4595-A3A6-3B46B0B65355} = {A3D0FD91-E6E7-4645-A4E4-F6F3D618FC50}
		{659802D6-EA3C-4D3A-ADB3-F44633D1CDC4} = {A3D0FD91-E6E7-4645-A4E4-F6F3D618FC50}
		{32CEFCD5-A6AF-45F1-BCB2-1C2512CA231F} = {209BE798-59D3-4C48-B7BA-816E7B55933C}
		{D81B6904-B39F-4A98-BEA1-07254D22C670} = {4FB6697A-9F03-4723-917F-280990687360}
		{A643FDC0-2EA2-4845-93EF-F182B3027C37} = {CE7B5207-F857-4CDB-93B6-06E0D64E646C}
		{335FE430-4807-41B1-A562-02DB1CA46E57} = {4FB6697A-9F03-4723-917F-280990687360}
		{8CEFE4F7-D36A-4883-97E1-95DB7A41456B} = {209BE798-59D3-4C48-B7BA-816E7B55933C}
		{F4F79698-D42D-4CA5-AE4B-97936A0C2F27} = {4FB6697A-9F03-4723-917F-280990687360}
		{E69EFC55-B08C-41C7-8E51-57D63D8012A4} = {4FB6697A-9F03-4723-917F-280990687360}
		{10069D84-E475-4FC6-9375-B66112E73AD4} = {CE7B5207-F857-4CDB-93B6-06E0D64E646C}
	EndGlobalSection
	GlobalSection(ExtensibilityGlobals) = postSolution
		SolutionGuid = {F71F00EB-FEEA-40CF-8D47-B428485E288F}
	EndGlobalSection
EndGlobal
